// !$*UTF8*$!
{
	archiveVersion = 1;
	classes = {
	};
	objectVersion = 46;
	objects = {

/* Begin PBXBuildFile section */
		A200DDD31D7A76FC007EA9AA /* CalendarCellView.xib in Resources */ = {isa = PBXBuildFile; fileRef = A200DDD21D7A76FC007EA9AA /* CalendarCellView.xib */; };
		A200DDD51D7A772F007EA9AA /* CalendarCellView.swift in Sources */ = {isa = PBXBuildFile; fileRef = A200DDD41D7A772F007EA9AA /* CalendarCellView.swift */; };
		A200DDD71D7A8115007EA9AA /* EventHelper.swift in Sources */ = {isa = PBXBuildFile; fileRef = A200DDD61D7A8115007EA9AA /* EventHelper.swift */; };
		A200DDD91D7A81E4007EA9AA /* AddEventViewController.swift in Sources */ = {isa = PBXBuildFile; fileRef = A200DDD81D7A81E4007EA9AA /* AddEventViewController.swift */; };
		A200DDDB1D7D13F7007EA9AA /* AnimationHelper.swift in Sources */ = {isa = PBXBuildFile; fileRef = A200DDDA1D7D13F7007EA9AA /* AnimationHelper.swift */; };
		A200DDDD1D7D4EF6007EA9AA /* UIVIew Extension.swift in Sources */ = {isa = PBXBuildFile; fileRef = A200DDDC1D7D4EF6007EA9AA /* UIVIew Extension.swift */; };
		A2A3931D1D790C2600B2CB54 /* AppDelegate.swift in Sources */ = {isa = PBXBuildFile; fileRef = A2A3931C1D790C2600B2CB54 /* AppDelegate.swift */; };
		A2A3931F1D790C2600B2CB54 /* CalendarViewController.swift in Sources */ = {isa = PBXBuildFile; fileRef = A2A3931E1D790C2600B2CB54 /* CalendarViewController.swift */; };
		A2A393221D790C2600B2CB54 /* Main.storyboard in Resources */ = {isa = PBXBuildFile; fileRef = A2A393201D790C2600B2CB54 /* Main.storyboard */; };
		A2A393241D790C2600B2CB54 /* Assets.xcassets in Resources */ = {isa = PBXBuildFile; fileRef = A2A393231D790C2600B2CB54 /* Assets.xcassets */; };
		A2A393271D790C2600B2CB54 /* LaunchScreen.storyboard in Resources */ = {isa = PBXBuildFile; fileRef = A2A393251D790C2600B2CB54 /* LaunchScreen.storyboard */; };
		A2BD7E5A1D7937D400A73B6F /* UIColor Extension.swift in Sources */ = {isa = PBXBuildFile; fileRef = A2BD7E591D7937D400A73B6F /* UIColor Extension.swift */; };
		A2E29B4E1D7922D50011B64F /* RealmHelper.swift in Sources */ = {isa = PBXBuildFile; fileRef = A2E29B4D1D7922D50011B64F /* RealmHelper.swift */; };
		A2FBF4B71D7912B7001A9320 /* ToDoListViewController.swift in Sources */ = {isa = PBXBuildFile; fileRef = A2FBF4B61D7912B7001A9320 /* ToDoListViewController.swift */; };
		A2FBF4B91D791398001A9320 /* Note.swift in Sources */ = {isa = PBXBuildFile; fileRef = A2FBF4B81D791398001A9320 /* Note.swift */; };
		A2FBF4BD1D7914EA001A9320 /* NoteTableViewCell.swift in Sources */ = {isa = PBXBuildFile; fileRef = A2FBF4BC1D7914EA001A9320 /* NoteTableViewCell.swift */; };
		A2FBF4C01D7917CA001A9320 /* NoteContentViewController.swift in Sources */ = {isa = PBXBuildFile; fileRef = A2FBF4BF1D7917CA001A9320 /* NoteContentViewController.swift */; };
		B3ECEE3A90FBFA05753CC929 /* Pods_Organise.framework in Frameworks */ = {isa = PBXBuildFile; fileRef = 825FC897EC946462EC9019AB /* Pods_Organise.framework */; };
/* End PBXBuildFile section */

/* Begin PBXFileReference section */
		11F471A933B586A83BD1D7D9 /* Pods-Organise.release.xcconfig */ = {isa = PBXFileReference; includeInIndex = 1; lastKnownFileType = text.xcconfig; name = "Pods-Organise.release.xcconfig"; path = "Pods/Target Support Files/Pods-Organise/Pods-Organise.release.xcconfig"; sourceTree = "<group>"; };
		825FC897EC946462EC9019AB /* Pods_Organise.framework */ = {isa = PBXFileReference; explicitFileType = wrapper.framework; includeInIndex = 0; path = Pods_Organise.framework; sourceTree = BUILT_PRODUCTS_DIR; };
		A200DDD21D7A76FC007EA9AA /* CalendarCellView.xib */ = {isa = PBXFileReference; fileEncoding = 4; lastKnownFileType = file.xib; path = CalendarCellView.xib; sourceTree = "<group>"; };
		A200DDD41D7A772F007EA9AA /* CalendarCellView.swift */ = {isa = PBXFileReference; fileEncoding = 4; lastKnownFileType = sourcecode.swift; path = CalendarCellView.swift; sourceTree = "<group>"; };
		A200DDD61D7A8115007EA9AA /* EventHelper.swift */ = {isa = PBXFileReference; fileEncoding = 4; lastKnownFileType = sourcecode.swift; path = EventHelper.swift; sourceTree = "<group>"; };
		A200DDD81D7A81E4007EA9AA /* AddEventViewController.swift */ = {isa = PBXFileReference; fileEncoding = 4; lastKnownFileType = sourcecode.swift; path = AddEventViewController.swift; sourceTree = "<group>"; };
		A200DDDA1D7D13F7007EA9AA /* AnimationHelper.swift */ = {isa = PBXFileReference; fileEncoding = 4; lastKnownFileType = sourcecode.swift; path = AnimationHelper.swift; sourceTree = "<group>"; };
		A200DDDC1D7D4EF6007EA9AA /* UIVIew Extension.swift */ = {isa = PBXFileReference; fileEncoding = 4; lastKnownFileType = sourcecode.swift; path = "UIVIew Extension.swift"; sourceTree = "<group>"; };
		A2A393191D790C2600B2CB54 /* Organise.app */ = {isa = PBXFileReference; explicitFileType = wrapper.application; includeInIndex = 0; path = Organise.app; sourceTree = BUILT_PRODUCTS_DIR; };
		A2A3931C1D790C2600B2CB54 /* AppDelegate.swift */ = {isa = PBXFileReference; lastKnownFileType = sourcecode.swift; path = AppDelegate.swift; sourceTree = "<group>"; };
		A2A3931E1D790C2600B2CB54 /* CalendarViewController.swift */ = {isa = PBXFileReference; lastKnownFileType = sourcecode.swift; path = CalendarViewController.swift; sourceTree = "<group>"; };
		A2A393211D790C2600B2CB54 /* Base */ = {isa = PBXFileReference; lastKnownFileType = file.storyboard; name = Base; path = Base.lproj/Main.storyboard; sourceTree = "<group>"; };
		A2A393231D790C2600B2CB54 /* Assets.xcassets */ = {isa = PBXFileReference; lastKnownFileType = folder.assetcatalog; path = Assets.xcassets; sourceTree = "<group>"; };
		A2A393261D790C2600B2CB54 /* Base */ = {isa = PBXFileReference; lastKnownFileType = file.storyboard; name = Base; path = Base.lproj/LaunchScreen.storyboard; sourceTree = "<group>"; };
		A2A393281D790C2600B2CB54 /* Info.plist */ = {isa = PBXFileReference; lastKnownFileType = text.plist.xml; path = Info.plist; sourceTree = "<group>"; };
		A2BD7E591D7937D400A73B6F /* UIColor Extension.swift */ = {isa = PBXFileReference; fileEncoding = 4; lastKnownFileType = sourcecode.swift; path = "UIColor Extension.swift"; sourceTree = "<group>"; };
		A2E29B4D1D7922D50011B64F /* RealmHelper.swift */ = {isa = PBXFileReference; fileEncoding = 4; lastKnownFileType = sourcecode.swift; path = RealmHelper.swift; sourceTree = "<group>"; };
		A2FBF4B61D7912B7001A9320 /* ToDoListViewController.swift */ = {isa = PBXFileReference; fileEncoding = 4; lastKnownFileType = sourcecode.swift; path = ToDoListViewController.swift; sourceTree = "<group>"; };
		A2FBF4B81D791398001A9320 /* Note.swift */ = {isa = PBXFileReference; fileEncoding = 4; lastKnownFileType = sourcecode.swift; path = Note.swift; sourceTree = "<group>"; };
		A2FBF4BC1D7914EA001A9320 /* NoteTableViewCell.swift */ = {isa = PBXFileReference; fileEncoding = 4; lastKnownFileType = sourcecode.swift; path = NoteTableViewCell.swift; sourceTree = "<group>"; };
		A2FBF4BF1D7917CA001A9320 /* NoteContentViewController.swift */ = {isa = PBXFileReference; fileEncoding = 4; lastKnownFileType = sourcecode.swift; path = NoteContentViewController.swift; sourceTree = "<group>"; };
		C49EA4DDE53D37C29EF49AEE /* Pods-Organise.debug.xcconfig */ = {isa = PBXFileReference; includeInIndex = 1; lastKnownFileType = text.xcconfig; name = "Pods-Organise.debug.xcconfig"; path = "Pods/Target Support Files/Pods-Organise/Pods-Organise.debug.xcconfig"; sourceTree = "<group>"; };
/* End PBXFileReference section */

/* Begin PBXFrameworksBuildPhase section */
		A2A393161D790C2600B2CB54 /* Frameworks */ = {
			isa = PBXFrameworksBuildPhase;
			buildActionMask = 2147483647;
			files = (
				B3ECEE3A90FBFA05753CC929 /* Pods_Organise.framework in Frameworks */,
			);
			runOnlyForDeploymentPostprocessing = 0;
		};
/* End PBXFrameworksBuildPhase section */

/* Begin PBXGroup section */
		2D83699B0F66ABDD5ED7F82B /* Frameworks */ = {
			isa = PBXGroup;
			children = (
				825FC897EC946462EC9019AB /* Pods_Organise.framework */,
			);
			name = Frameworks;
			sourceTree = "<group>";
		};
		A2A393101D790C2600B2CB54 = {
			isa = PBXGroup;
			children = (
				A2A3931B1D790C2600B2CB54 /* Organise */,
				A2A3931A1D790C2600B2CB54 /* Products */,
				FC6903BB0B3D3FE09913B0F9 /* Pods */,
				2D83699B0F66ABDD5ED7F82B /* Frameworks */,
			);
			sourceTree = "<group>";
		};
		A2A3931A1D790C2600B2CB54 /* Products */ = {
			isa = PBXGroup;
			children = (
				A2A393191D790C2600B2CB54 /* Organise.app */,
			);
			name = Products;
			sourceTree = "<group>";
		};
		A2A3931B1D790C2600B2CB54 /* Organise */ = {
			isa = PBXGroup;
			children = (
				A2A3931C1D790C2600B2CB54 /* AppDelegate.swift */,
				A2FBF4BA1D7914BD001A9320 /* ViewControllers */,
				A2FBF4BE1D7914F2001A9320 /* Views */,
				A2FBF4BB1D7914C9001A9320 /* Models */,
				A2E29B4C1D7922BA0011B64F /* Helpers */,
				A2BD7E581D7937C200A73B6F /* Extensions */,
				A2A393201D790C2600B2CB54 /* Main.storyboard */,
				A2A393231D790C2600B2CB54 /* Assets.xcassets */,
				A2A393251D790C2600B2CB54 /* LaunchScreen.storyboard */,
				A2A393281D790C2600B2CB54 /* Info.plist */,
			);
			path = Organise;
			sourceTree = "<group>";
		};
		A2BD7E581D7937C200A73B6F /* Extensions */ = {
			isa = PBXGroup;
			children = (
				A2BD7E591D7937D400A73B6F /* UIColor Extension.swift */,
				A200DDDC1D7D4EF6007EA9AA /* UIVIew Extension.swift */,
			);
			name = Extensions;
			sourceTree = "<group>";
		};
		A2E29B4C1D7922BA0011B64F /* Helpers */ = {
			isa = PBXGroup;
			children = (
				A2E29B4D1D7922D50011B64F /* RealmHelper.swift */,
				A200DDD61D7A8115007EA9AA /* EventHelper.swift */,
				A200DDDA1D7D13F7007EA9AA /* AnimationHelper.swift */,
			);
			name = Helpers;
			sourceTree = "<group>";
		};
		A2FBF4BA1D7914BD001A9320 /* ViewControllers */ = {
			isa = PBXGroup;
			children = (
				A2A3931E1D790C2600B2CB54 /* CalendarViewController.swift */,
				A200DDD81D7A81E4007EA9AA /* AddEventViewController.swift */,
				A2FBF4B61D7912B7001A9320 /* ToDoListViewController.swift */,
				A2FBF4BF1D7917CA001A9320 /* NoteContentViewController.swift */,
			);
			name = ViewControllers;
			sourceTree = "<group>";
		};
		A2FBF4BB1D7914C9001A9320 /* Models */ = {
			isa = PBXGroup;
			children = (
				A2FBF4B81D791398001A9320 /* Note.swift */,
			);
			name = Models;
			sourceTree = "<group>";
		};
		A2FBF4BE1D7914F2001A9320 /* Views */ = {
			isa = PBXGroup;
			children = (
				A2FBF4BC1D7914EA001A9320 /* NoteTableViewCell.swift */,
				A200DDD21D7A76FC007EA9AA /* CalendarCellView.xib */,
				A200DDD41D7A772F007EA9AA /* CalendarCellView.swift */,
			);
			name = Views;
			sourceTree = "<group>";
		};
		FC6903BB0B3D3FE09913B0F9 /* Pods */ = {
			isa = PBXGroup;
			children = (
				C49EA4DDE53D37C29EF49AEE /* Pods-Organise.debug.xcconfig */,
				11F471A933B586A83BD1D7D9 /* Pods-Organise.release.xcconfig */,
			);
			name = Pods;
			sourceTree = "<group>";
		};
/* End PBXGroup section */

/* Begin PBXNativeTarget section */
		A2A393181D790C2600B2CB54 /* Organise */ = {
			isa = PBXNativeTarget;
			buildConfigurationList = A2A3932B1D790C2600B2CB54 /* Build configuration list for PBXNativeTarget "Organise" */;
			buildPhases = (
				4306E97816CCE358FC85E22D /* [CP] Check Pods Manifest.lock */,
				A2A393151D790C2600B2CB54 /* Sources */,
				A2A393161D790C2600B2CB54 /* Frameworks */,
				A2A393171D790C2600B2CB54 /* Resources */,
				5C7241CAA134F6A8640216C7 /* [CP] Embed Pods Frameworks */,
				FA00FD991B1BB72AE42D2C10 /* [CP] Copy Pods Resources */,
			);
			buildRules = (
			);
			dependencies = (
			);
			name = Organise;
			productName = Organise;
			productReference = A2A393191D790C2600B2CB54 /* Organise.app */;
			productType = "com.apple.product-type.application";
		};
/* End PBXNativeTarget section */

/* Begin PBXProject section */
		A2A393111D790C2600B2CB54 /* Project object */ = {
			isa = PBXProject;
			attributes = {
				LastSwiftUpdateCheck = 0730;
				LastUpgradeCheck = 0730;
				ORGANIZATIONNAME = "Bryan Ye";
				TargetAttributes = {
					A2A393181D790C2600B2CB54 = {
						CreatedOnToolsVersion = 7.3.1;
					};
				};
			};
			buildConfigurationList = A2A393141D790C2600B2CB54 /* Build configuration list for PBXProject "Organise" */;
			compatibilityVersion = "Xcode 3.2";
			developmentRegion = English;
			hasScannedForEncodings = 0;
			knownRegions = (
				en,
				Base,
			);
			mainGroup = A2A393101D790C2600B2CB54;
			productRefGroup = A2A3931A1D790C2600B2CB54 /* Products */;
			projectDirPath = "";
			projectRoot = "";
			targets = (
				A2A393181D790C2600B2CB54 /* Organise */,
			);
		};
/* End PBXProject section */

/* Begin PBXResourcesBuildPhase section */
		A2A393171D790C2600B2CB54 /* Resources */ = {
			isa = PBXResourcesBuildPhase;
			buildActionMask = 2147483647;
			files = (
				A2A393271D790C2600B2CB54 /* LaunchScreen.storyboard in Resources */,
				A2A393241D790C2600B2CB54 /* Assets.xcassets in Resources */,
				A200DDD31D7A76FC007EA9AA /* CalendarCellView.xib in Resources */,
				A2A393221D790C2600B2CB54 /* Main.storyboard in Resources */,
			);
			runOnlyForDeploymentPostprocessing = 0;
		};
/* End PBXResourcesBuildPhase section */

/* Begin PBXShellScriptBuildPhase section */
		4306E97816CCE358FC85E22D /* [CP] Check Pods Manifest.lock */ = {
			isa = PBXShellScriptBuildPhase;
			buildActionMask = 2147483647;
			files = (
			);
			inputPaths = (
			);
			name = "[CP] Check Pods Manifest.lock";
			outputPaths = (
			);
			runOnlyForDeploymentPostprocessing = 0;
			shellPath = /bin/sh;
			shellScript = "diff \"${PODS_ROOT}/../Podfile.lock\" \"${PODS_ROOT}/Manifest.lock\" > /dev/null\nif [[ $? != 0 ]] ; then\n    cat << EOM\nerror: The sandbox is not in sync with the Podfile.lock. Run 'pod install' or update your CocoaPods installation.\nEOM\n    exit 1\nfi\n";
			showEnvVarsInLog = 0;
		};
		5C7241CAA134F6A8640216C7 /* [CP] Embed Pods Frameworks */ = {
			isa = PBXShellScriptBuildPhase;
			buildActionMask = 2147483647;
			files = (
			);
			inputPaths = (
			);
			name = "[CP] Embed Pods Frameworks";
			outputPaths = (
			);
			runOnlyForDeploymentPostprocessing = 0;
			shellPath = /bin/sh;
			shellScript = "\"${SRCROOT}/Pods/Target Support Files/Pods-Organise/Pods-Organise-frameworks.sh\"\n";
			showEnvVarsInLog = 0;
		};
		FA00FD991B1BB72AE42D2C10 /* [CP] Copy Pods Resources */ = {
			isa = PBXShellScriptBuildPhase;
			buildActionMask = 2147483647;
			files = (
			);
			inputPaths = (
			);
			name = "[CP] Copy Pods Resources";
			outputPaths = (
			);
			runOnlyForDeploymentPostprocessing = 0;
			shellPath = /bin/sh;
			shellScript = "\"${SRCROOT}/Pods/Target Support Files/Pods-Organise/Pods-Organise-resources.sh\"\n";
			showEnvVarsInLog = 0;
		};
/* End PBXShellScriptBuildPhase section */

/* Begin PBXSourcesBuildPhase section */
		A2A393151D790C2600B2CB54 /* Sources */ = {
			isa = PBXSourcesBuildPhase;
			buildActionMask = 2147483647;
			files = (
				A2A3931F1D790C2600B2CB54 /* CalendarViewController.swift in Sources */,
				A2FBF4B71D7912B7001A9320 /* ToDoListViewController.swift in Sources */,
				A2A3931D1D790C2600B2CB54 /* AppDelegate.swift in Sources */,
				A200DDD51D7A772F007EA9AA /* CalendarCellView.swift in Sources */,
				A200DDD71D7A8115007EA9AA /* EventHelper.swift in Sources */,
				A200DDDD1D7D4EF6007EA9AA /* UIVIew Extension.swift in Sources */,
				A2FBF4BD1D7914EA001A9320 /* NoteTableViewCell.swift in Sources */,
				A2E29B4E1D7922D50011B64F /* RealmHelper.swift in Sources */,
				A200DDD91D7A81E4007EA9AA /* AddEventViewController.swift in Sources */,
				A200DDDB1D7D13F7007EA9AA /* AnimationHelper.swift in Sources */,
				A2BD7E5A1D7937D400A73B6F /* UIColor Extension.swift in Sources */,
				A2FBF4C01D7917CA001A9320 /* NoteContentViewController.swift in Sources */,
				A2FBF4B91D791398001A9320 /* Note.swift in Sources */,
			);
			runOnlyForDeploymentPostprocessing = 0;
		};
/* End PBXSourcesBuildPhase section */

/* Begin PBXVariantGroup section */
		A2A393201D790C2600B2CB54 /* Main.storyboard */ = {
			isa = PBXVariantGroup;
			children = (
				A2A393211D790C2600B2CB54 /* Base */,
			);
			name = Main.storyboard;
			sourceTree = "<group>";
		};
		A2A393251D790C2600B2CB54 /* LaunchScreen.storyboard */ = {
			isa = PBXVariantGroup;
			children = (
				A2A393261D790C2600B2CB54 /* Base */,
			);
			name = LaunchScreen.storyboard;
			sourceTree = "<group>";
		};
/* End PBXVariantGroup section */

/* Begin XCBuildConfiguration section */
		A2A393291D790C2600B2CB54 /* Debug */ = {
			isa = XCBuildConfiguration;
			buildSettings = {
				ALWAYS_SEARCH_USER_PATHS = NO;
				CLANG_ANALYZER_NONNULL = YES;
				CLANG_CXX_LANGUAGE_STANDARD = "gnu++0x";
				CLANG_CXX_LIBRARY = "libc++";
				CLANG_ENABLE_MODULES = YES;
				CLANG_ENABLE_OBJC_ARC = YES;
				CLANG_WARN_BOOL_CONVERSION = YES;
				CLANG_WARN_CONSTANT_CONVERSION = YES;
				CLANG_WARN_DIRECT_OBJC_ISA_USAGE = YES_ERROR;
				CLANG_WARN_EMPTY_BODY = YES;
				CLANG_WARN_ENUM_CONVERSION = YES;
				CLANG_WARN_INT_CONVERSION = YES;
				CLANG_WARN_OBJC_ROOT_CLASS = YES_ERROR;
				CLANG_WARN_UNREACHABLE_CODE = YES;
				CLANG_WARN__DUPLICATE_METHOD_MATCH = YES;
				"CODE_SIGN_IDENTITY[sdk=iphoneos*]" = "iPhone Developer";
				COPY_PHASE_STRIP = NO;
				DEBUG_INFORMATION_FORMAT = dwarf;
				ENABLE_STRICT_OBJC_MSGSEND = YES;
				ENABLE_TESTABILITY = YES;
				GCC_C_LANGUAGE_STANDARD = gnu99;
				GCC_DYNAMIC_NO_PIC = NO;
				GCC_NO_COMMON_BLOCKS = YES;
				GCC_OPTIMIZATION_LEVEL = 0;
				GCC_PREPROCESSOR_DEFINITIONS = (
					"DEBUG=1",
					"$(inherited)",
				);
				GCC_WARN_64_TO_32_BIT_CONVERSION = YES;
				GCC_WARN_ABOUT_RETURN_TYPE = YES_ERROR;
				GCC_WARN_UNDECLARED_SELECTOR = YES;
				GCC_WARN_UNINITIALIZED_AUTOS = YES_AGGRESSIVE;
				GCC_WARN_UNUSED_FUNCTION = YES;
				GCC_WARN_UNUSED_VARIABLE = YES;
				IPHONEOS_DEPLOYMENT_TARGET = 9.3;
				MTL_ENABLE_DEBUG_INFO = YES;
				ONLY_ACTIVE_ARCH = YES;
				SDKROOT = iphoneos;
				SWIFT_OPTIMIZATION_LEVEL = "-Onone";
			};
			name = Debug;
		};
		A2A3932A1D790C2600B2CB54 /* Release */ = {
			isa = XCBuildConfiguration;
			buildSettings = {
				ALWAYS_SEARCH_USER_PATHS = NO;
				CLANG_ANALYZER_NONNULL = YES;
				CLANG_CXX_LANGUAGE_STANDARD = "gnu++0x";
				CLANG_CXX_LIBRARY = "libc++";
				CLANG_ENABLE_MODULES = YES;
				CLANG_ENABLE_OBJC_ARC = YES;
				CLANG_WARN_BOOL_CONVERSION = YES;
				CLANG_WARN_CONSTANT_CONVERSION = YES;
				CLANG_WARN_DIRECT_OBJC_ISA_USAGE = YES_ERROR;
				CLANG_WARN_EMPTY_BODY = YES;
				CLANG_WARN_ENUM_CONVERSION = YES;
				CLANG_WARN_INT_CONVERSION = YES;
				CLANG_WARN_OBJC_ROOT_CLASS = YES_ERROR;
				CLANG_WARN_UNREACHABLE_CODE = YES;
				CLANG_WARN__DUPLICATE_METHOD_MATCH = YES;
				"CODE_SIGN_IDENTITY[sdk=iphoneos*]" = "iPhone Developer";
				COPY_PHASE_STRIP = NO;
				DEBUG_INFORMATION_FORMAT = "dwarf-with-dsym";
				ENABLE_NS_ASSERTIONS = NO;
				ENABLE_STRICT_OBJC_MSGSEND = YES;
				GCC_C_LANGUAGE_STANDARD = gnu99;
				GCC_NO_COMMON_BLOCKS = YES;
				GCC_WARN_64_TO_32_BIT_CONVERSION = YES;
				GCC_WARN_ABOUT_RETURN_TYPE = YES_ERROR;
				GCC_WARN_UNDECLARED_SELECTOR = YES;
				GCC_WARN_UNINITIALIZED_AUTOS = YES_AGGRESSIVE;
				GCC_WARN_UNUSED_FUNCTION = YES;
				GCC_WARN_UNUSED_VARIABLE = YES;
				IPHONEOS_DEPLOYMENT_TARGET = 9.3;
				MTL_ENABLE_DEBUG_INFO = NO;
				SDKROOT = iphoneos;
				VALIDATE_PRODUCT = YES;
			};
			name = Release;
		};
		A2A3932C1D790C2600B2CB54 /* Debug */ = {
			isa = XCBuildConfiguration;
			baseConfigurationReference = C49EA4DDE53D37C29EF49AEE /* Pods-Organise.debug.xcconfig */;
			buildSettings = {
				ASSETCATALOG_COMPILER_APPICON_NAME = AppIcon;
				INFOPLIST_FILE = Organise/Info.plist;
				LD_RUNPATH_SEARCH_PATHS = "$(inherited) @executable_path/Frameworks";
				PRODUCT_BUNDLE_IDENTIFIER = com.bryanye.Organise;
				PRODUCT_NAME = "$(TARGET_NAME)";
			};
			name = Debug;
		};
		A2A3932D1D790C2600B2CB54 /* Release */ = {
			isa = XCBuildConfiguration;
			baseConfigurationReference = 11F471A933B586A83BD1D7D9 /* Pods-Organise.release.xcconfig */;
			buildSettings = {
				ASSETCATALOG_COMPILER_APPICON_NAME = AppIcon;
				INFOPLIST_FILE = Organise/Info.plist;
				LD_RUNPATH_SEARCH_PATHS = "$(inherited) @executable_path/Frameworks";
				PRODUCT_BUNDLE_IDENTIFIER = com.bryanye.Organise;
				PRODUCT_NAME = "$(TARGET_NAME)";
			};
			name = Release;
		};
/* End XCBuildConfiguration section */

/* Begin XCConfigurationList section */
		A2A393141D790C2600B2CB54 /* Build configuration list for PBXProject "Organise" */ = {
			isa = XCConfigurationList;
			buildConfigurations = (
				A2A393291D790C2600B2CB54 /* Debug */,
				A2A3932A1D790C2600B2CB54 /* Release */,
			);
			defaultConfigurationIsVisible = 0;
			defaultConfigurationName = Release;
		};
		A2A3932B1D790C2600B2CB54 /* Build configuration list for PBXNativeTarget "Organise" */ = {
			isa = XCConfigurationList;
			buildConfigurations = (
				A2A3932C1D790C2600B2CB54 /* Debug */,
				A2A3932D1D790C2600B2CB54 /* Release */,
			);
			defaultConfigurationIsVisible = 0;
			defaultConfigurationName = Release;
		};
/* End XCConfigurationList section */
	};
	rootObject = A2A393111D790C2600B2CB54 /* Project object */;
}
